// !$*UTF8*$!
{
	archiveVersion = 1;
	classes = {
	};
	objectVersion = 55;
	objects = {

/* Begin PBXBuildFile section */
		42254CA028CEE393008288C1 /* AppDelegate.swift in Sources */ = {isa = PBXBuildFile; fileRef = 42254C9F28CEE393008288C1 /* AppDelegate.swift */; };
		42254CA228CEE393008288C1 /* SceneDelegate.swift in Sources */ = {isa = PBXBuildFile; fileRef = 42254CA128CEE393008288C1 /* SceneDelegate.swift */; };
		42254CA428CEE393008288C1 /* ViewController.swift in Sources */ = {isa = PBXBuildFile; fileRef = 42254CA328CEE393008288C1 /* ViewController.swift */; };
		42254CA928CEE394008288C1 /* Assets.xcassets in Resources */ = {isa = PBXBuildFile; fileRef = 42254CA828CEE394008288C1 /* Assets.xcassets */; };
		42254CAC28CEE394008288C1 /* LaunchScreen.storyboard in Resources */ = {isa = PBXBuildFile; fileRef = 42254CAA28CEE394008288C1 /* LaunchScreen.storyboard */; };
		42254CB728CEE394008288C1 /* Fast_And_HealthyTests.swift in Sources */ = {isa = PBXBuildFile; fileRef = 42254CB628CEE394008288C1 /* Fast_And_HealthyTests.swift */; };
		42254CC128CEE394008288C1 /* Fast_And_HealthyUITests.swift in Sources */ = {isa = PBXBuildFile; fileRef = 42254CC028CEE394008288C1 /* Fast_And_HealthyUITests.swift */; };
		42254CC328CEE394008288C1 /* Fast_And_HealthyUITestsLaunchTests.swift in Sources */ = {isa = PBXBuildFile; fileRef = 42254CC228CEE394008288C1 /* Fast_And_HealthyUITestsLaunchTests.swift */; };
		42254CD028CEE3C4008288C1 /* AIViewController.swift in Sources */ = {isa = PBXBuildFile; fileRef = 42254CCF28CEE3C4008288C1 /* AIViewController.swift */; };
		42254CD228CEE3E3008288C1 /* ImagePicker.swift in Sources */ = {isa = PBXBuildFile; fileRef = 42254CD128CEE3E3008288C1 /* ImagePicker.swift */; };
		42254CD428CEE404008288C1 /* GIF.swift in Sources */ = {isa = PBXBuildFile; fileRef = 42254CD328CEE404008288C1 /* GIF.swift */; };
		42254CD628CEE426008288C1 /* Question.swift in Sources */ = {isa = PBXBuildFile; fileRef = 42254CD528CEE426008288C1 /* Question.swift */; };
		42254CD828CEE43F008288C1 /* SurveyController.swift in Sources */ = {isa = PBXBuildFile; fileRef = 42254CD728CEE43F008288C1 /* SurveyController.swift */; };
		42254CDA28CEE457008288C1 /* Gradient.swift in Sources */ = {isa = PBXBuildFile; fileRef = 42254CD928CEE457008288C1 /* Gradient.swift */; };
		42254CDC28CEE481008288C1 /* ConvertViewController.swift in Sources */ = {isa = PBXBuildFile; fileRef = 42254CDB28CEE481008288C1 /* ConvertViewController.swift */; };
		42254CDE28CEE4A0008288C1 /* ResultsViewController.swift in Sources */ = {isa = PBXBuildFile; fileRef = 42254CDD28CEE4A0008288C1 /* ResultsViewController.swift */; };
		4278F73628CEE76A00F869D0 /* imageModel.mlmodel in Sources */ = {isa = PBXBuildFile; fileRef = 4278F73528CEE76A00F869D0 /* imageModel.mlmodel */; };
		428A463628D03EB000B2B985 /* ViewController2.swift in Sources */ = {isa = PBXBuildFile; fileRef = 428A463528D03EB000B2B985 /* ViewController2.swift */; };
		42CA0EFB28D014E4003D954D /* Main.storyboard in Resources */ = {isa = PBXBuildFile; fileRef = 42CA0EF928D014E4003D954D /* Main.storyboard */; };
		42CA0F0028D0171A003D954D /* imageModel.mlmodel in Sources */ = {isa = PBXBuildFile; fileRef = 42CA0EFC28D0171A003D954D /* imageModel.mlmodel */; };
		42CA0F0128D0171A003D954D /* tutorial2.mov in Resources */ = {isa = PBXBuildFile; fileRef = 42CA0EFD28D0171A003D954D /* tutorial2.mov */; };
		42CA0F0228D0171A003D954D /* runningshoe.gif in Resources */ = {isa = PBXBuildFile; fileRef = 42CA0EFE28D0171A003D954D /* runningshoe.gif */; };
		42CA0F0328D0171A003D954D /* 73Vz-unscreen.gif in Resources */ = {isa = PBXBuildFile; fileRef = 42CA0EFF28D0171A003D954D /* 73Vz-unscreen.gif */; };
		638D9953B3981F2AE9F04E9A /* Pods_Fast_And_HealthyTests.framework in Frameworks */ = {isa = PBXBuildFile; fileRef = 382D4552F4E32DCDAFB96ADD /* Pods_Fast_And_HealthyTests.framework */; };
		ADD20D5046ED83995BC22C2C /* Pods_Fast_And_Healthy_Fast_And_HealthyUITests.framework in Frameworks */ = {isa = PBXBuildFile; fileRef = 9F7B7A016F41C6C766CC529E /* Pods_Fast_And_Healthy_Fast_And_HealthyUITests.framework */; };
		D9EAB5A32D656466C64C205E /* Pods_Fast_And_Healthy.framework in Frameworks */ = {isa = PBXBuildFile; fileRef = B13A4B71A50C5802A41DA3A7 /* Pods_Fast_And_Healthy.framework */; };
/* End PBXBuildFile section */

/* Begin PBXContainerItemProxy section */
		42254CB328CEE394008288C1 /* PBXContainerItemProxy */ = {
			isa = PBXContainerItemProxy;
			containerPortal = 42254C9428CEE393008288C1 /* Project object */;
			proxyType = 1;
			remoteGlobalIDString = 42254C9B28CEE393008288C1;
			remoteInfo = "Fast And Healthy";
		};
		42254CBD28CEE394008288C1 /* PBXContainerItemProxy */ = {
			isa = PBXContainerItemProxy;
			containerPortal = 42254C9428CEE393008288C1 /* Project object */;
			proxyType = 1;
			remoteGlobalIDString = 42254C9B28CEE393008288C1;
			remoteInfo = "Fast And Healthy";
		};
/* End PBXContainerItemProxy section */

/* Begin PBXFileReference section */
		18C4C68A465B8FE4FDF3771C /* Pods-Fast And Healthy.release.xcconfig */ = {isa = PBXFileReference; includeInIndex = 1; lastKnownFileType = text.xcconfig; name = "Pods-Fast And Healthy.release.xcconfig"; path = "Target Support Files/Pods-Fast And Healthy/Pods-Fast And Healthy.release.xcconfig"; sourceTree = "<group>"; };
		382D4552F4E32DCDAFB96ADD /* Pods_Fast_And_HealthyTests.framework */ = {isa = PBXFileReference; explicitFileType = wrapper.framework; includeInIndex = 0; path = Pods_Fast_And_HealthyTests.framework; sourceTree = BUILT_PRODUCTS_DIR; };
		42254C9C28CEE393008288C1 /* Fast And Healthy.app */ = {isa = PBXFileReference; explicitFileType = wrapper.application; includeInIndex = 0; path = "Fast And Healthy.app"; sourceTree = BUILT_PRODUCTS_DIR; };
		42254C9F28CEE393008288C1 /* AppDelegate.swift */ = {isa = PBXFileReference; lastKnownFileType = sourcecode.swift; path = AppDelegate.swift; sourceTree = "<group>"; };
		42254CA128CEE393008288C1 /* SceneDelegate.swift */ = {isa = PBXFileReference; lastKnownFileType = sourcecode.swift; path = SceneDelegate.swift; sourceTree = "<group>"; };
		42254CA328CEE393008288C1 /* ViewController.swift */ = {isa = PBXFileReference; lastKnownFileType = sourcecode.swift; path = ViewController.swift; sourceTree = "<group>"; };
		42254CA828CEE394008288C1 /* Assets.xcassets */ = {isa = PBXFileReference; lastKnownFileType = folder.assetcatalog; path = Assets.xcassets; sourceTree = "<group>"; };
		42254CAB28CEE394008288C1 /* Base */ = {isa = PBXFileReference; lastKnownFileType = file.storyboard; name = Base; path = Base.lproj/LaunchScreen.storyboard; sourceTree = "<group>"; };
		42254CAD28CEE394008288C1 /* Info.plist */ = {isa = PBXFileReference; lastKnownFileType = text.plist.xml; path = Info.plist; sourceTree = "<group>"; };
		42254CB228CEE394008288C1 /* Fast And HealthyTests.xctest */ = {isa = PBXFileReference; explicitFileType = wrapper.cfbundle; includeInIndex = 0; path = "Fast And HealthyTests.xctest"; sourceTree = BUILT_PRODUCTS_DIR; };
		42254CB628CEE394008288C1 /* Fast_And_HealthyTests.swift */ = {isa = PBXFileReference; lastKnownFileType = sourcecode.swift; path = Fast_And_HealthyTests.swift; sourceTree = "<group>"; };
		42254CBC28CEE394008288C1 /* Fast And HealthyUITests.xctest */ = {isa = PBXFileReference; explicitFileType = wrapper.cfbundle; includeInIndex = 0; path = "Fast And HealthyUITests.xctest"; sourceTree = BUILT_PRODUCTS_DIR; };
		42254CC028CEE394008288C1 /* Fast_And_HealthyUITests.swift */ = {isa = PBXFileReference; lastKnownFileType = sourcecode.swift; path = Fast_And_HealthyUITests.swift; sourceTree = "<group>"; };
		42254CC228CEE394008288C1 /* Fast_And_HealthyUITestsLaunchTests.swift */ = {isa = PBXFileReference; lastKnownFileType = sourcecode.swift; path = Fast_And_HealthyUITestsLaunchTests.swift; sourceTree = "<group>"; };
		42254CCF28CEE3C4008288C1 /* AIViewController.swift */ = {isa = PBXFileReference; lastKnownFileType = sourcecode.swift; path = AIViewController.swift; sourceTree = "<group>"; };
		42254CD128CEE3E3008288C1 /* ImagePicker.swift */ = {isa = PBXFileReference; lastKnownFileType = sourcecode.swift; path = ImagePicker.swift; sourceTree = "<group>"; };
		42254CD328CEE404008288C1 /* GIF.swift */ = {isa = PBXFileReference; lastKnownFileType = sourcecode.swift; path = GIF.swift; sourceTree = "<group>"; };
		42254CD528CEE426008288C1 /* Question.swift */ = {isa = PBXFileReference; lastKnownFileType = sourcecode.swift; path = Question.swift; sourceTree = "<group>"; };
		42254CD728CEE43F008288C1 /* SurveyController.swift */ = {isa = PBXFileReference; lastKnownFileType = sourcecode.swift; path = SurveyController.swift; sourceTree = "<group>"; };
		42254CD928CEE457008288C1 /* Gradient.swift */ = {isa = PBXFileReference; lastKnownFileType = sourcecode.swift; path = Gradient.swift; sourceTree = "<group>"; };
		42254CDB28CEE481008288C1 /* ConvertViewController.swift */ = {isa = PBXFileReference; lastKnownFileType = sourcecode.swift; path = ConvertViewController.swift; sourceTree = "<group>"; };
		42254CDD28CEE4A0008288C1 /* ResultsViewController.swift */ = {isa = PBXFileReference; lastKnownFileType = sourcecode.swift; path = ResultsViewController.swift; sourceTree = "<group>"; };
		4278F73528CEE76A00F869D0 /* imageModel.mlmodel */ = {isa = PBXFileReference; lastKnownFileType = file.mlmodel; name = imageModel.mlmodel; path = ../../imageModel.mlmodel; sourceTree = "<group>"; };
		428A463528D03EB000B2B985 /* ViewController2.swift */ = {isa = PBXFileReference; lastKnownFileType = sourcecode.swift; path = ViewController2.swift; sourceTree = "<group>"; };
		42CA0EFA28D014E4003D954D /* Base */ = {isa = PBXFileReference; lastKnownFileType = file.storyboard; name = Base; path = "../../Fast-and-Healthy/RunningApp/Base.lproj/Main.storyboard"; sourceTree = "<group>"; };
		42CA0EFC28D0171A003D954D /* imageModel.mlmodel */ = {isa = PBXFileReference; lastKnownFileType = file.mlmodel; name = imageModel.mlmodel; path = ../../imageModel.mlmodel; sourceTree = "<group>"; };
		42CA0EFD28D0171A003D954D /* tutorial2.mov */ = {isa = PBXFileReference; lastKnownFileType = video.quicktime; name = tutorial2.mov; path = ../../../Downloads/tutorial2.mov; sourceTree = "<group>"; };
		42CA0EFE28D0171A003D954D /* runningshoe.gif */ = {isa = PBXFileReference; lastKnownFileType = image.gif; name = runningshoe.gif; path = ../../runningshoe.gif; sourceTree = "<group>"; };
		42CA0EFF28D0171A003D954D /* 73Vz-unscreen.gif */ = {isa = PBXFileReference; lastKnownFileType = image.gif; name = "73Vz-unscreen.gif"; path = "../../73Vz-unscreen.gif"; sourceTree = "<group>"; };
		5D297E513F48EEC5D7585892 /* Pods-Fast And Healthy-Fast And HealthyUITests.release.xcconfig */ = {isa = PBXFileReference; includeInIndex = 1; lastKnownFileType = text.xcconfig; name = "Pods-Fast And Healthy-Fast And HealthyUITests.release.xcconfig"; path = "Target Support Files/Pods-Fast And Healthy-Fast And HealthyUITests/Pods-Fast And Healthy-Fast And HealthyUITests.release.xcconfig"; sourceTree = "<group>"; };
		797A259B2AF1BC5F0F7014EB /* Pods-Fast And Healthy-Fast And HealthyUITests.debug.xcconfig */ = {isa = PBXFileReference; includeInIndex = 1; lastKnownFileType = text.xcconfig; name = "Pods-Fast And Healthy-Fast And HealthyUITests.debug.xcconfig"; path = "Target Support Files/Pods-Fast And Healthy-Fast And HealthyUITests/Pods-Fast And Healthy-Fast And HealthyUITests.debug.xcconfig"; sourceTree = "<group>"; };
		9F7B7A016F41C6C766CC529E /* Pods_Fast_And_Healthy_Fast_And_HealthyUITests.framework */ = {isa = PBXFileReference; explicitFileType = wrapper.framework; includeInIndex = 0; path = Pods_Fast_And_Healthy_Fast_And_HealthyUITests.framework; sourceTree = BUILT_PRODUCTS_DIR; };
		B13A4B71A50C5802A41DA3A7 /* Pods_Fast_And_Healthy.framework */ = {isa = PBXFileReference; explicitFileType = wrapper.framework; includeInIndex = 0; path = Pods_Fast_And_Healthy.framework; sourceTree = BUILT_PRODUCTS_DIR; };
		C65BF89F194DD1C7A031749A /* Pods-Fast And Healthy.debug.xcconfig */ = {isa = PBXFileReference; includeInIndex = 1; lastKnownFileType = text.xcconfig; name = "Pods-Fast And Healthy.debug.xcconfig"; path = "Target Support Files/Pods-Fast And Healthy/Pods-Fast And Healthy.debug.xcconfig"; sourceTree = "<group>"; };
		CFBFDB0F203367C2D563E04B /* Pods-Fast And HealthyTests.debug.xcconfig */ = {isa = PBXFileReference; includeInIndex = 1; lastKnownFileType = text.xcconfig; name = "Pods-Fast And HealthyTests.debug.xcconfig"; path = "Target Support Files/Pods-Fast And HealthyTests/Pods-Fast And HealthyTests.debug.xcconfig"; sourceTree = "<group>"; };
		D171CC1D657940FD0EF53C1F /* Pods-Fast And HealthyTests.release.xcconfig */ = {isa = PBXFileReference; includeInIndex = 1; lastKnownFileType = text.xcconfig; name = "Pods-Fast And HealthyTests.release.xcconfig"; path = "Target Support Files/Pods-Fast And HealthyTests/Pods-Fast And HealthyTests.release.xcconfig"; sourceTree = "<group>"; };
/* End PBXFileReference section */

/* Begin PBXFrameworksBuildPhase section */
		42254C9928CEE393008288C1 /* Frameworks */ = {
			isa = PBXFrameworksBuildPhase;
			buildActionMask = 2147483647;
			files = (
				D9EAB5A32D656466C64C205E /* Pods_Fast_And_Healthy.framework in Frameworks */,
			);
			runOnlyForDeploymentPostprocessing = 0;
		};
		42254CAF28CEE394008288C1 /* Frameworks */ = {
			isa = PBXFrameworksBuildPhase;
			buildActionMask = 2147483647;
			files = (
				638D9953B3981F2AE9F04E9A /* Pods_Fast_And_HealthyTests.framework in Frameworks */,
			);
			runOnlyForDeploymentPostprocessing = 0;
		};
		42254CB928CEE394008288C1 /* Frameworks */ = {
			isa = PBXFrameworksBuildPhase;
			buildActionMask = 2147483647;
			files = (
				ADD20D5046ED83995BC22C2C /* Pods_Fast_And_Healthy_Fast_And_HealthyUITests.framework in Frameworks */,
			);
			runOnlyForDeploymentPostprocessing = 0;
		};
/* End PBXFrameworksBuildPhase section */

/* Begin PBXGroup section */
		42254C9328CEE393008288C1 = {
			isa = PBXGroup;
			children = (
				42254C9E28CEE393008288C1 /* Fast And Healthy */,
				42254CB528CEE394008288C1 /* Fast And HealthyTests */,
				42254CBF28CEE394008288C1 /* Fast And HealthyUITests */,
				42254C9D28CEE393008288C1 /* Products */,
				D46050EB0953BC1D1AA20F54 /* Pods */,
				D4AFE1B8DBCEC02AB830B802 /* Frameworks */,
			);
			sourceTree = "<group>";
		};
		42254C9D28CEE393008288C1 /* Products */ = {
			isa = PBXGroup;
			children = (
				42254C9C28CEE393008288C1 /* Fast And Healthy.app */,
				42254CB228CEE394008288C1 /* Fast And HealthyTests.xctest */,
				42254CBC28CEE394008288C1 /* Fast And HealthyUITests.xctest */,
			);
			name = Products;
			sourceTree = "<group>";
		};
		42254C9E28CEE393008288C1 /* Fast And Healthy */ = {
			isa = PBXGroup;
			children = (
				42254C9F28CEE393008288C1 /* AppDelegate.swift */,
				42254CA128CEE393008288C1 /* SceneDelegate.swift */,
				42254CA328CEE393008288C1 /* ViewController.swift */,
				42254CCF28CEE3C4008288C1 /* AIViewController.swift */,
				42254CD128CEE3E3008288C1 /* ImagePicker.swift */,
				42254CD328CEE404008288C1 /* GIF.swift */,
				42CA0EFF28D0171A003D954D /* 73Vz-unscreen.gif */,
				42CA0EFC28D0171A003D954D /* imageModel.mlmodel */,
				42CA0EFE28D0171A003D954D /* runningshoe.gif */,
				4290AEF428D12D5000A0E116 /* ImageFiles */,
				42CA0EFD28D0171A003D954D /* tutorial2.mov */,
				42254CD528CEE426008288C1 /* Question.swift */,
				4278F73528CEE76A00F869D0 /* imageModel.mlmodel */,
				42254CD728CEE43F008288C1 /* SurveyController.swift */,
				42254CD928CEE457008288C1 /* Gradient.swift */,
				42254CDB28CEE481008288C1 /* ConvertViewController.swift */,
				42254CDD28CEE4A0008288C1 /* ResultsViewController.swift */,
				428A463528D03EB000B2B985 /* ViewController2.swift */,
				42CA0EF928D014E4003D954D /* Main.storyboard */,
				42254CA828CEE394008288C1 /* Assets.xcassets */,
				42254CAA28CEE394008288C1 /* LaunchScreen.storyboard */,
				42254CAD28CEE394008288C1 /* Info.plist */,
			);
			path = "Fast And Healthy";
			sourceTree = "<group>";
		};
		42254CB528CEE394008288C1 /* Fast And HealthyTests */ = {
			isa = PBXGroup;
			children = (
				42254CB628CEE394008288C1 /* Fast_And_HealthyTests.swift */,
			);
			path = "Fast And HealthyTests";
			sourceTree = "<group>";
		};
		42254CBF28CEE394008288C1 /* Fast And HealthyUITests */ = {
			isa = PBXGroup;
			children = (
				42254CC028CEE394008288C1 /* Fast_And_HealthyUITests.swift */,
				42254CC228CEE394008288C1 /* Fast_And_HealthyUITestsLaunchTests.swift */,
			);
			path = "Fast And HealthyUITests";
			sourceTree = "<group>";
		};
		4290AEF428D12D5000A0E116 /* ImageFiles */ = {
			isa = PBXGroup;
			children = (
			);
			path = ImageFiles;
			sourceTree = "<group>";
		};
		D46050EB0953BC1D1AA20F54 /* Pods */ = {
			isa = PBXGroup;
			children = (
				C65BF89F194DD1C7A031749A /* Pods-Fast And Healthy.debug.xcconfig */,
				18C4C68A465B8FE4FDF3771C /* Pods-Fast And Healthy.release.xcconfig */,
				797A259B2AF1BC5F0F7014EB /* Pods-Fast And Healthy-Fast And HealthyUITests.debug.xcconfig */,
				5D297E513F48EEC5D7585892 /* Pods-Fast And Healthy-Fast And HealthyUITests.release.xcconfig */,
				CFBFDB0F203367C2D563E04B /* Pods-Fast And HealthyTests.debug.xcconfig */,
				D171CC1D657940FD0EF53C1F /* Pods-Fast And HealthyTests.release.xcconfig */,
			);
			path = Pods;
			sourceTree = "<group>";
		};
		D4AFE1B8DBCEC02AB830B802 /* Frameworks */ = {
			isa = PBXGroup;
			children = (
				B13A4B71A50C5802A41DA3A7 /* Pods_Fast_And_Healthy.framework */,
				9F7B7A016F41C6C766CC529E /* Pods_Fast_And_Healthy_Fast_And_HealthyUITests.framework */,
				382D4552F4E32DCDAFB96ADD /* Pods_Fast_And_HealthyTests.framework */,
			);
			name = Frameworks;
			sourceTree = "<group>";
		};
/* End PBXGroup section */

/* Begin PBXNativeTarget section */
		42254C9B28CEE393008288C1 /* Fast And Healthy */ = {
			isa = PBXNativeTarget;
			buildConfigurationList = 42254CC628CEE394008288C1 /* Build configuration list for PBXNativeTarget "Fast And Healthy" */;
			buildPhases = (
				9FFB1967673EC63E37E81878 /* [CP] Check Pods Manifest.lock */,
				42254C9828CEE393008288C1 /* Sources */,
				42254C9928CEE393008288C1 /* Frameworks */,
				42254C9A28CEE393008288C1 /* Resources */,
				0FEEEA73EC3B5A1EA5A476B6 /* [CP] Embed Pods Frameworks */,
			);
			buildRules = (
			);
			dependencies = (
			);
			name = "Fast And Healthy";
			productName = "Fast And Healthy";
			productReference = 42254C9C28CEE393008288C1 /* Fast And Healthy.app */;
			productType = "com.apple.product-type.application";
		};
		42254CB128CEE394008288C1 /* Fast And HealthyTests */ = {
			isa = PBXNativeTarget;
			buildConfigurationList = 42254CC928CEE394008288C1 /* Build configuration list for PBXNativeTarget "Fast And HealthyTests" */;
			buildPhases = (
				CDD4DDF8A3FDDD87FB98F2F6 /* [CP] Check Pods Manifest.lock */,
				42254CAE28CEE394008288C1 /* Sources */,
				42254CAF28CEE394008288C1 /* Frameworks */,
				42254CB028CEE394008288C1 /* Resources */,
			);
			buildRules = (
			);
			dependencies = (
				42254CB428CEE394008288C1 /* PBXTargetDependency */,
			);
			name = "Fast And HealthyTests";
			productName = "Fast And HealthyTests";
			productReference = 42254CB228CEE394008288C1 /* Fast And HealthyTests.xctest */;
			productType = "com.apple.product-type.bundle.unit-test";
		};
		42254CBB28CEE394008288C1 /* Fast And HealthyUITests */ = {
			isa = PBXNativeTarget;
			buildConfigurationList = 42254CCC28CEE394008288C1 /* Build configuration list for PBXNativeTarget "Fast And HealthyUITests" */;
			buildPhases = (
				168C5416BA00F1B46F0AEEA0 /* [CP] Check Pods Manifest.lock */,
				42254CB828CEE394008288C1 /* Sources */,
				42254CB928CEE394008288C1 /* Frameworks */,
				42254CBA28CEE394008288C1 /* Resources */,
				B89E7B59D7117F49CA955F2E /* [CP] Embed Pods Frameworks */,
			);
			buildRules = (
			);
			dependencies = (
				42254CBE28CEE394008288C1 /* PBXTargetDependency */,
			);
			name = "Fast And HealthyUITests";
			productName = "Fast And HealthyUITests";
			productReference = 42254CBC28CEE394008288C1 /* Fast And HealthyUITests.xctest */;
			productType = "com.apple.product-type.bundle.ui-testing";
		};
/* End PBXNativeTarget section */

/* Begin PBXProject section */
		42254C9428CEE393008288C1 /* Project object */ = {
			isa = PBXProject;
			attributes = {
				BuildIndependentTargetsInParallel = 1;
				LastSwiftUpdateCheck = 1340;
				LastUpgradeCheck = 1340;
				TargetAttributes = {
					42254C9B28CEE393008288C1 = {
						CreatedOnToolsVersion = 13.4.1;
					};
					42254CB128CEE394008288C1 = {
						CreatedOnToolsVersion = 13.4.1;
						TestTargetID = 42254C9B28CEE393008288C1;
					};
					42254CBB28CEE394008288C1 = {
						CreatedOnToolsVersion = 13.4.1;
						TestTargetID = 42254C9B28CEE393008288C1;
					};
				};
			};
			buildConfigurationList = 42254C9728CEE393008288C1 /* Build configuration list for PBXProject "Fast And Healthy" */;
			compatibilityVersion = "Xcode 13.0";
			developmentRegion = en;
			hasScannedForEncodings = 0;
			knownRegions = (
				en,
				Base,
			);
			mainGroup = 42254C9328CEE393008288C1;
			productRefGroup = 42254C9D28CEE393008288C1 /* Products */;
			projectDirPath = "";
			projectRoot = "";
			targets = (
				42254C9B28CEE393008288C1 /* Fast And Healthy */,
				42254CB128CEE394008288C1 /* Fast And HealthyTests */,
				42254CBB28CEE394008288C1 /* Fast And HealthyUITests */,
			);
		};
/* End PBXProject section */

/* Begin PBXResourcesBuildPhase section */
		42254C9A28CEE393008288C1 /* Resources */ = {
			isa = PBXResourcesBuildPhase;
			buildActionMask = 2147483647;
			files = (
				42254CAC28CEE394008288C1 /* LaunchScreen.storyboard in Resources */,
				42254CA928CEE394008288C1 /* Assets.xcassets in Resources */,
				42CA0EFB28D014E4003D954D /* Main.storyboard in Resources */,
				42CA0F0228D0171A003D954D /* runningshoe.gif in Resources */,
				42CA0F0128D0171A003D954D /* tutorial2.mov in Resources */,
				42CA0F0328D0171A003D954D /* 73Vz-unscreen.gif in Resources */,
			);
			runOnlyForDeploymentPostprocessing = 0;
		};
		42254CB028CEE394008288C1 /* Resources */ = {
			isa = PBXResourcesBuildPhase;
			buildActionMask = 2147483647;
			files = (
			);
			runOnlyForDeploymentPostprocessing = 0;
		};
		42254CBA28CEE394008288C1 /* Resources */ = {
			isa = PBXResourcesBuildPhase;
			buildActionMask = 2147483647;
			files = (
			);
			runOnlyForDeploymentPostprocessing = 0;
		};
/* End PBXResourcesBuildPhase section */

/* Begin PBXShellScriptBuildPhase section */
		0FEEEA73EC3B5A1EA5A476B6 /* [CP] Embed Pods Frameworks */ = {
			isa = PBXShellScriptBuildPhase;
			buildActionMask = 2147483647;
			files = (
			);
			inputFileListPaths = (
				"${PODS_ROOT}/Target Support Files/Pods-Fast And Healthy/Pods-Fast And Healthy-frameworks-${CONFIGURATION}-input-files.xcfilelist",
			);
			name = "[CP] Embed Pods Frameworks";
			outputFileListPaths = (
				"${PODS_ROOT}/Target Support Files/Pods-Fast And Healthy/Pods-Fast And Healthy-frameworks-${CONFIGURATION}-output-files.xcfilelist",
			);
			runOnlyForDeploymentPostprocessing = 0;
			shellPath = /bin/sh;
			shellScript = "\"${PODS_ROOT}/Target Support Files/Pods-Fast And Healthy/Pods-Fast And Healthy-frameworks.sh\"\n";
			showEnvVarsInLog = 0;
		};
		168C5416BA00F1B46F0AEEA0 /* [CP] Check Pods Manifest.lock */ = {
			isa = PBXShellScriptBuildPhase;
			buildActionMask = 2147483647;
			files = (
			);
			inputFileListPaths = (
			);
			inputPaths = (
				"${PODS_PODFILE_DIR_PATH}/Podfile.lock",
				"${PODS_ROOT}/Manifest.lock",
			);
			name = "[CP] Check Pods Manifest.lock";
			outputFileListPaths = (
			);
			outputPaths = (
				"$(DERIVED_FILE_DIR)/Pods-Fast And Healthy-Fast And HealthyUITests-checkManifestLockResult.txt",
			);
			runOnlyForDeploymentPostprocessing = 0;
			shellPath = /bin/sh;
			shellScript = "diff \"${PODS_PODFILE_DIR_PATH}/Podfile.lock\" \"${PODS_ROOT}/Manifest.lock\" > /dev/null\nif [ $? != 0 ] ; then\n    # print error to STDERR\n    echo \"error: The sandbox is not in sync with the Podfile.lock. Run 'pod install' or update your CocoaPods installation.\" >&2\n    exit 1\nfi\n# This output is used by Xcode 'outputs' to avoid re-running this script phase.\necho \"SUCCESS\" > \"${SCRIPT_OUTPUT_FILE_0}\"\n";
			showEnvVarsInLog = 0;
		};
		9FFB1967673EC63E37E81878 /* [CP] Check Pods Manifest.lock */ = {
			isa = PBXShellScriptBuildPhase;
			buildActionMask = 2147483647;
			files = (
			);
			inputFileListPaths = (
			);
			inputPaths = (
				"${PODS_PODFILE_DIR_PATH}/Podfile.lock",
				"${PODS_ROOT}/Manifest.lock",
			);
			name = "[CP] Check Pods Manifest.lock";
			outputFileListPaths = (
			);
			outputPaths = (
				"$(DERIVED_FILE_DIR)/Pods-Fast And Healthy-checkManifestLockResult.txt",
			);
			runOnlyForDeploymentPostprocessing = 0;
			shellPath = /bin/sh;
			shellScript = "diff \"${PODS_PODFILE_DIR_PATH}/Podfile.lock\" \"${PODS_ROOT}/Manifest.lock\" > /dev/null\nif [ $? != 0 ] ; then\n    # print error to STDERR\n    echo \"error: The sandbox is not in sync with the Podfile.lock. Run 'pod install' or update your CocoaPods installation.\" >&2\n    exit 1\nfi\n# This output is used by Xcode 'outputs' to avoid re-running this script phase.\necho \"SUCCESS\" > \"${SCRIPT_OUTPUT_FILE_0}\"\n";
			showEnvVarsInLog = 0;
		};
		B89E7B59D7117F49CA955F2E /* [CP] Embed Pods Frameworks */ = {
			isa = PBXShellScriptBuildPhase;
			buildActionMask = 2147483647;
			files = (
			);
			inputFileListPaths = (
				"${PODS_ROOT}/Target Support Files/Pods-Fast And Healthy-Fast And HealthyUITests/Pods-Fast And Healthy-Fast And HealthyUITests-frameworks-${CONFIGURATION}-input-files.xcfilelist",
			);
			name = "[CP] Embed Pods Frameworks";
			outputFileListPaths = (
				"${PODS_ROOT}/Target Support Files/Pods-Fast And Healthy-Fast And HealthyUITests/Pods-Fast And Healthy-Fast And HealthyUITests-frameworks-${CONFIGURATION}-output-files.xcfilelist",
			);
			runOnlyForDeploymentPostprocessing = 0;
			shellPath = /bin/sh;
			shellScript = "\"${PODS_ROOT}/Target Support Files/Pods-Fast And Healthy-Fast And HealthyUITests/Pods-Fast And Healthy-Fast And HealthyUITests-frameworks.sh\"\n";
			showEnvVarsInLog = 0;
		};
		CDD4DDF8A3FDDD87FB98F2F6 /* [CP] Check Pods Manifest.lock */ = {
			isa = PBXShellScriptBuildPhase;
			buildActionMask = 2147483647;
			files = (
			);
			inputFileListPaths = (
			);
			inputPaths = (
				"${PODS_PODFILE_DIR_PATH}/Podfile.lock",
				"${PODS_ROOT}/Manifest.lock",
			);
			name = "[CP] Check Pods Manifest.lock";
			outputFileListPaths = (
			);
			outputPaths = (
				"$(DERIVED_FILE_DIR)/Pods-Fast And HealthyTests-checkManifestLockResult.txt",
			);
			runOnlyForDeploymentPostprocessing = 0;
			shellPath = /bin/sh;
			shellScript = "diff \"${PODS_PODFILE_DIR_PATH}/Podfile.lock\" \"${PODS_ROOT}/Manifest.lock\" > /dev/null\nif [ $? != 0 ] ; then\n    # print error to STDERR\n    echo \"error: The sandbox is not in sync with the Podfile.lock. Run 'pod install' or update your CocoaPods installation.\" >&2\n    exit 1\nfi\n# This output is used by Xcode 'outputs' to avoid re-running this script phase.\necho \"SUCCESS\" > \"${SCRIPT_OUTPUT_FILE_0}\"\n";
			showEnvVarsInLog = 0;
		};
/* End PBXShellScriptBuildPhase section */

/* Begin PBXSourcesBuildPhase section */
		42254C9828CEE393008288C1 /* Sources */ = {
			isa = PBXSourcesBuildPhase;
			buildActionMask = 2147483647;
			files = (
				42254CDE28CEE4A0008288C1 /* ResultsViewController.swift in Sources */,
				42254CD428CEE404008288C1 /* GIF.swift in Sources */,
				4278F73628CEE76A00F869D0 /* imageModel.mlmodel in Sources */,
				42254CA428CEE393008288C1 /* ViewController.swift in Sources */,
				42254CDC28CEE481008288C1 /* ConvertViewController.swift in Sources */,
				42254CA028CEE393008288C1 /* AppDelegate.swift in Sources */,
				42254CD828CEE43F008288C1 /* SurveyController.swift in Sources */,
				428A463628D03EB000B2B985 /* ViewController2.swift in Sources */,
				42254CD228CEE3E3008288C1 /* ImagePicker.swift in Sources */,
				42254CD028CEE3C4008288C1 /* AIViewController.swift in Sources */,
				42254CD628CEE426008288C1 /* Question.swift in Sources */,
				42254CA228CEE393008288C1 /* SceneDelegate.swift in Sources */,
				42254CDA28CEE457008288C1 /* Gradient.swift in Sources */,
				42CA0F0028D0171A003D954D /* imageModel.mlmodel in Sources */,
			);
			runOnlyForDeploymentPostprocessing = 0;
		};
		42254CAE28CEE394008288C1 /* Sources */ = {
			isa = PBXSourcesBuildPhase;
			buildActionMask = 2147483647;
			files = (
				42254CB728CEE394008288C1 /* Fast_And_HealthyTests.swift in Sources */,
			);
			runOnlyForDeploymentPostprocessing = 0;
		};
		42254CB828CEE394008288C1 /* Sources */ = {
			isa = PBXSourcesBuildPhase;
			buildActionMask = 2147483647;
			files = (
				42254CC328CEE394008288C1 /* Fast_And_HealthyUITestsLaunchTests.swift in Sources */,
				42254CC128CEE394008288C1 /* Fast_And_HealthyUITests.swift in Sources */,
			);
			runOnlyForDeploymentPostprocessing = 0;
		};
/* End PBXSourcesBuildPhase section */

/* Begin PBXTargetDependency section */
		42254CB428CEE394008288C1 /* PBXTargetDependency */ = {
			isa = PBXTargetDependency;
			target = 42254C9B28CEE393008288C1 /* Fast And Healthy */;
			targetProxy = 42254CB328CEE394008288C1 /* PBXContainerItemProxy */;
		};
		42254CBE28CEE394008288C1 /* PBXTargetDependency */ = {
			isa = PBXTargetDependency;
			target = 42254C9B28CEE393008288C1 /* Fast And Healthy */;
			targetProxy = 42254CBD28CEE394008288C1 /* PBXContainerItemProxy */;
		};
/* End PBXTargetDependency section */

/* Begin PBXVariantGroup section */
		42254CAA28CEE394008288C1 /* LaunchScreen.storyboard */ = {
			isa = PBXVariantGroup;
			children = (
				42254CAB28CEE394008288C1 /* Base */,
			);
			name = LaunchScreen.storyboard;
			sourceTree = "<group>";
		};
		42CA0EF928D014E4003D954D /* Main.storyboard */ = {
			isa = PBXVariantGroup;
			children = (
				42CA0EFA28D014E4003D954D /* Base */,
			);
			name = Main.storyboard;
			sourceTree = "<group>";
		};
/* End PBXVariantGroup section */

/* Begin XCBuildConfiguration section */
		42254CC428CEE394008288C1 /* Debug */ = {
			isa = XCBuildConfiguration;
			buildSettings = {
				ALWAYS_SEARCH_USER_PATHS = NO;
				CLANG_ANALYZER_NONNULL = YES;
				CLANG_ANALYZER_NUMBER_OBJECT_CONVERSION = YES_AGGRESSIVE;
				CLANG_CXX_LANGUAGE_STANDARD = "gnu++17";
				CLANG_ENABLE_MODULES = YES;
				CLANG_ENABLE_OBJC_ARC = YES;
				CLANG_ENABLE_OBJC_WEAK = YES;
				CLANG_WARN_BLOCK_CAPTURE_AUTORELEASING = YES;
				CLANG_WARN_BOOL_CONVERSION = YES;
				CLANG_WARN_COMMA = YES;
				CLANG_WARN_CONSTANT_CONVERSION = YES;
				CLANG_WARN_DEPRECATED_OBJC_IMPLEMENTATIONS = YES;
				CLANG_WARN_DIRECT_OBJC_ISA_USAGE = YES_ERROR;
				CLANG_WARN_DOCUMENTATION_COMMENTS = YES;
				CLANG_WARN_EMPTY_BODY = YES;
				CLANG_WARN_ENUM_CONVERSION = YES;
				CLANG_WARN_INFINITE_RECURSION = YES;
				CLANG_WARN_INT_CONVERSION = YES;
				CLANG_WARN_NON_LITERAL_NULL_CONVERSION = YES;
				CLANG_WARN_OBJC_IMPLICIT_RETAIN_SELF = YES;
				CLANG_WARN_OBJC_LITERAL_CONVERSION = YES;
				CLANG_WARN_OBJC_ROOT_CLASS = YES_ERROR;
				CLANG_WARN_QUOTED_INCLUDE_IN_FRAMEWORK_HEADER = YES;
				CLANG_WARN_RANGE_LOOP_ANALYSIS = YES;
				CLANG_WARN_STRICT_PROTOTYPES = YES;
				CLANG_WARN_SUSPICIOUS_MOVE = YES;
				CLANG_WARN_UNGUARDED_AVAILABILITY = YES_AGGRESSIVE;
				CLANG_WARN_UNREACHABLE_CODE = YES;
				CLANG_WARN__DUPLICATE_METHOD_MATCH = YES;
				COPY_PHASE_STRIP = NO;
				DEBUG_INFORMATION_FORMAT = dwarf;
				ENABLE_STRICT_OBJC_MSGSEND = YES;
				ENABLE_TESTABILITY = YES;
				GCC_C_LANGUAGE_STANDARD = gnu11;
				GCC_DYNAMIC_NO_PIC = NO;
				GCC_NO_COMMON_BLOCKS = YES;
				GCC_OPTIMIZATION_LEVEL = 0;
				GCC_PREPROCESSOR_DEFINITIONS = (
					"DEBUG=1",
					"$(inherited)",
				);
				GCC_WARN_64_TO_32_BIT_CONVERSION = YES;
				GCC_WARN_ABOUT_RETURN_TYPE = YES_ERROR;
				GCC_WARN_UNDECLARED_SELECTOR = YES;
				GCC_WARN_UNINITIALIZED_AUTOS = YES_AGGRESSIVE;
				GCC_WARN_UNUSED_FUNCTION = YES;
				GCC_WARN_UNUSED_VARIABLE = YES;
				IPHONEOS_DEPLOYMENT_TARGET = 15.5;
				MTL_ENABLE_DEBUG_INFO = INCLUDE_SOURCE;
				MTL_FAST_MATH = YES;
				ONLY_ACTIVE_ARCH = YES;
				SDKROOT = iphoneos;
				SWIFT_ACTIVE_COMPILATION_CONDITIONS = DEBUG;
				SWIFT_OPTIMIZATION_LEVEL = "-Onone";
			};
			name = Debug;
		};
		42254CC528CEE394008288C1 /* Release */ = {
			isa = XCBuildConfiguration;
			buildSettings = {
				ALWAYS_SEARCH_USER_PATHS = NO;
				CLANG_ANALYZER_NONNULL = YES;
				CLANG_ANALYZER_NUMBER_OBJECT_CONVERSION = YES_AGGRESSIVE;
				CLANG_CXX_LANGUAGE_STANDARD = "gnu++17";
				CLANG_ENABLE_MODULES = YES;
				CLANG_ENABLE_OBJC_ARC = YES;
				CLANG_ENABLE_OBJC_WEAK = YES;
				CLANG_WARN_BLOCK_CAPTURE_AUTORELEASING = YES;
				CLANG_WARN_BOOL_CONVERSION = YES;
				CLANG_WARN_COMMA = YES;
				CLANG_WARN_CONSTANT_CONVERSION = YES;
				CLANG_WARN_DEPRECATED_OBJC_IMPLEMENTATIONS = YES;
				CLANG_WARN_DIRECT_OBJC_ISA_USAGE = YES_ERROR;
				CLANG_WARN_DOCUMENTATION_COMMENTS = YES;
				CLANG_WARN_EMPTY_BODY = YES;
				CLANG_WARN_ENUM_CONVERSION = YES;
				CLANG_WARN_INFINITE_RECURSION = YES;
				CLANG_WARN_INT_CONVERSION = YES;
				CLANG_WARN_NON_LITERAL_NULL_CONVERSION = YES;
				CLANG_WARN_OBJC_IMPLICIT_RETAIN_SELF = YES;
				CLANG_WARN_OBJC_LITERAL_CONVERSION = YES;
				CLANG_WARN_OBJC_ROOT_CLASS = YES_ERROR;
				CLANG_WARN_QUOTED_INCLUDE_IN_FRAMEWORK_HEADER = YES;
				CLANG_WARN_RANGE_LOOP_ANALYSIS = YES;
				CLANG_WARN_STRICT_PROTOTYPES = YES;
				CLANG_WARN_SUSPICIOUS_MOVE = YES;
				CLANG_WARN_UNGUARDED_AVAILABILITY = YES_AGGRESSIVE;
				CLANG_WARN_UNREACHABLE_CODE = YES;
				CLANG_WARN__DUPLICATE_METHOD_MATCH = YES;
				COPY_PHASE_STRIP = NO;
				DEBUG_INFORMATION_FORMAT = "dwarf-with-dsym";
				ENABLE_NS_ASSERTIONS = NO;
				ENABLE_STRICT_OBJC_MSGSEND = YES;
				GCC_C_LANGUAGE_STANDARD = gnu11;
				GCC_NO_COMMON_BLOCKS = YES;
				GCC_WARN_64_TO_32_BIT_CONVERSION = YES;
				GCC_WARN_ABOUT_RETURN_TYPE = YES_ERROR;
				GCC_WARN_UNDECLARED_SELECTOR = YES;
				GCC_WARN_UNINITIALIZED_AUTOS = YES_AGGRESSIVE;
				GCC_WARN_UNUSED_FUNCTION = YES;
				GCC_WARN_UNUSED_VARIABLE = YES;
				IPHONEOS_DEPLOYMENT_TARGET = 15.5;
				MTL_ENABLE_DEBUG_INFO = NO;
				MTL_FAST_MATH = YES;
				SDKROOT = iphoneos;
				SWIFT_COMPILATION_MODE = wholemodule;
				SWIFT_OPTIMIZATION_LEVEL = "-O";
				VALIDATE_PRODUCT = YES;
			};
			name = Release;
		};
		42254CC728CEE394008288C1 /* Debug */ = {
			isa = XCBuildConfiguration;
			baseConfigurationReference = C65BF89F194DD1C7A031749A /* Pods-Fast And Healthy.debug.xcconfig */;
			buildSettings = {
				ASSETCATALOG_COMPILER_APPICON_NAME = AppIcon;
				ASSETCATALOG_COMPILER_GLOBAL_ACCENT_COLOR_NAME = AccentColor;
				CODE_SIGN_STYLE = Automatic;
				CURRENT_PROJECT_VERSION = 1;
				DEVELOPMENT_TEAM = 63YK7CM5X9;
				GENERATE_INFOPLIST_FILE = YES;
				INFOPLIST_FILE = "Fast And Healthy/Info.plist";
				INFOPLIST_KEY_UIApplicationSupportsIndirectInputEvents = YES;
				INFOPLIST_KEY_UILaunchStoryboardName = LaunchScreen;
				INFOPLIST_KEY_UIMainStoryboardFile = Main;
				INFOPLIST_KEY_UISupportedInterfaceOrientations = UIInterfaceOrientationPortrait;
				INFOPLIST_KEY_UISupportedInterfaceOrientations_iPad = "UIInterfaceOrientationPortrait UIInterfaceOrientationPortraitUpsideDown UIInterfaceOrientationLandscapeLeft UIInterfaceOrientationLandscapeRight";
				INFOPLIST_KEY_UISupportedInterfaceOrientations_iPhone = "UIInterfaceOrientationPortrait UIInterfaceOrientationLandscapeLeft UIInterfaceOrientationLandscapeRight";
				LD_RUNPATH_SEARCH_PATHS = (
					"$(inherited)",
					"@executable_path/Frameworks",
				);
				MARKETING_VERSION = 1.0;
				PRODUCT_BUNDLE_IDENTIFIER = "joshua-joseph.Fast-And-Healthy";
				PRODUCT_NAME = "$(TARGET_NAME)";
				SWIFT_EMIT_LOC_STRINGS = YES;
				SWIFT_VERSION = 5.0;
				TARGETED_DEVICE_FAMILY = 1;
			};
			name = Debug;
		};
		42254CC828CEE394008288C1 /* Release */ = {
			isa = XCBuildConfiguration;
			baseConfigurationReference = 18C4C68A465B8FE4FDF3771C /* Pods-Fast And Healthy.release.xcconfig */;
			buildSettings = {
				ASSETCATALOG_COMPILER_APPICON_NAME = AppIcon;
				ASSETCATALOG_COMPILER_GLOBAL_ACCENT_COLOR_NAME = AccentColor;
				CODE_SIGN_STYLE = Automatic;
				CURRENT_PROJECT_VERSION = 1;
				DEVELOPMENT_TEAM = 63YK7CM5X9;
				GENERATE_INFOPLIST_FILE = YES;
				INFOPLIST_FILE = "Fast And Healthy/Info.plist";
				INFOPLIST_KEY_UIApplicationSupportsIndirectInputEvents = YES;
				INFOPLIST_KEY_UILaunchStoryboardName = LaunchScreen;
				INFOPLIST_KEY_UIMainStoryboardFile = Main;
				INFOPLIST_KEY_UISupportedInterfaceOrientations = UIInterfaceOrientationPortrait;
				INFOPLIST_KEY_UISupportedInterfaceOrientations_iPad = "UIInterfaceOrientationPortrait UIInterfaceOrientationPortraitUpsideDown UIInterfaceOrientationLandscapeLeft UIInterfaceOrientationLandscapeRight";
				INFOPLIST_KEY_UISupportedInterfaceOrientations_iPhone = "UIInterfaceOrientationPortrait UIInterfaceOrientationLandscapeLeft UIInterfaceOrientationLandscapeRight";
				LD_RUNPATH_SEARCH_PATHS = (
					"$(inherited)",
					"@executable_path/Frameworks",
				);
				MARKETING_VERSION = 1.0;
				PRODUCT_BUNDLE_IDENTIFIER = "joshua-joseph.Fast-And-Healthy";
				PRODUCT_NAME = "$(TARGET_NAME)";
				SWIFT_EMIT_LOC_STRINGS = YES;
				SWIFT_VERSION = 5.0;
				TARGETED_DEVICE_FAMILY = 1;
			};
			name = Release;
		};
		42254CCA28CEE394008288C1 /* Debug */ = {
			isa = XCBuildConfiguration;
			baseConfigurationReference = CFBFDB0F203367C2D563E04B /* Pods-Fast And HealthyTests.debug.xcconfig */;
			buildSettings = {
				ALWAYS_EMBED_SWIFT_STANDARD_LIBRARIES = YES;
				BUNDLE_LOADER = "$(TEST_HOST)";
				CODE_SIGN_STYLE = Automatic;
				CURRENT_PROJECT_VERSION = 1;
				DEVELOPMENT_TEAM = 63YK7CM5X9;
				GENERATE_INFOPLIST_FILE = YES;
				IPHONEOS_DEPLOYMENT_TARGET = 15.5;
				MARKETING_VERSION = 1.0;
				PRODUCT_BUNDLE_IDENTIFIER = "joshua-joseph.Fast-And-HealthyTests";
				PRODUCT_NAME = "$(TARGET_NAME)";
				SWIFT_EMIT_LOC_STRINGS = NO;
				SWIFT_VERSION = 5.0;
				TARGETED_DEVICE_FAMILY = "1,2";
				TEST_HOST = "$(BUILT_PRODUCTS_DIR)/Fast And Healthy.app/Fast And Healthy";
			};
			name = Debug;
		};
		42254CCB28CEE394008288C1 /* Release */ = {
			isa = XCBuildConfiguration;
			baseConfigurationReference = D171CC1D657940FD0EF53C1F /* Pods-Fast And HealthyTests.release.xcconfig */;
			buildSettings = {
				ALWAYS_EMBED_SWIFT_STANDARD_LIBRARIES = YES;
				BUNDLE_LOADER = "$(TEST_HOST)";
				CODE_SIGN_STYLE = Automatic;
				CURRENT_PROJECT_VERSION = 1;
				DEVELOPMENT_TEAM = 63YK7CM5X9;
				GENERATE_INFOPLIST_FILE = YES;
				IPHONEOS_DEPLOYMENT_TARGET = 15.5;
				MARKETING_VERSION = 1.0;
				PRODUCT_BUNDLE_IDENTIFIER = "joshua-joseph.Fast-And-HealthyTests";
				PRODUCT_NAME = "$(TARGET_NAME)";
				SWIFT_EMIT_LOC_STRINGS = NO;
				SWIFT_VERSION = 5.0;
				TARGETED_DEVICE_FAMILY = "1,2";
				TEST_HOST = "$(BUILT_PRODUCTS_DIR)/Fast And Healthy.app/Fast And Healthy";
			};
			name = Release;
		};
		42254CCD28CEE394008288C1 /* Debug */ = {
			isa = XCBuildConfiguration;
			baseConfigurationReference = 797A259B2AF1BC5F0F7014EB /* Pods-Fast And Healthy-Fast And HealthyUITests.debug.xcconfig */;
			buildSettings = {
				ALWAYS_EMBED_SWIFT_STANDARD_LIBRARIES = YES;
				CODE_SIGN_STYLE = Automatic;
				CURRENT_PROJECT_VERSION = 1;
				DEVELOPMENT_TEAM = 63YK7CM5X9;
				GENERATE_INFOPLIST_FILE = YES;
				MARKETING_VERSION = 1.0;
				PRODUCT_BUNDLE_IDENTIFIER = "joshua-joseph.Fast-And-HealthyUITests";
				PRODUCT_NAME = "$(TARGET_NAME)";
				SWIFT_EMIT_LOC_STRINGS = NO;
				SWIFT_VERSION = 5.0;
				TARGETED_DEVICE_FAMILY = "1,2";
				TEST_TARGET_NAME = "Fast And Healthy";
			};
			name = Debug;
		};
		42254CCE28CEE394008288C1 /* Release */ = {
			isa = XCBuildConfiguration;
			baseConfigurationReference = 5D297E513F48EEC5D7585892 /* Pods-Fast And Healthy-Fast And HealthyUITests.release.xcconfig */;
			buildSettings = {
				ALWAYS_EMBED_SWIFT_STANDARD_LIBRARIES = YES;
				CODE_SIGN_STYLE = Automatic;
				CURRENT_PROJECT_VERSION = 1;
				DEVELOPMENT_TEAM = 63YK7CM5X9;
				GENERATE_INFOPLIST_FILE = YES;
				MARKETING_VERSION = 1.0;
				PRODUCT_BUNDLE_IDENTIFIER = "joshua-joseph.Fast-And-HealthyUITests";
				PRODUCT_NAME = "$(TARGET_NAME)";
				SWIFT_EMIT_LOC_STRINGS = NO;
				SWIFT_VERSION = 5.0;
				TARGETED_DEVICE_FAMILY = "1,2";
				TEST_TARGET_NAME = "Fast And Healthy";
			};
			name = Release;
		};
/* End XCBuildConfiguration section */

/* Begin XCConfigurationList section */
		42254C9728CEE393008288C1 /* Build configuration list for PBXProject "Fast And Healthy" */ = {
			isa = XCConfigurationList;
			buildConfigurations = (
				42254CC428CEE394008288C1 /* Debug */,
				42254CC528CEE394008288C1 /* Release */,
			);
			defaultConfigurationIsVisible = 0;
			defaultConfigurationName = Release;
		};
		42254CC628CEE394008288C1 /* Build configuration list for PBXNativeTarget "Fast And Healthy" */ = {
			isa = XCConfigurationList;
			buildConfigurations = (
				42254CC728CEE394008288C1 /* Debug */,
				42254CC828CEE394008288C1 /* Release */,
			);
			defaultConfigurationIsVisible = 0;
			defaultConfigurationName = Release;
		};
		42254CC928CEE394008288C1 /* Build configuration list for PBXNativeTarget "Fast And HealthyTests" */ = {
			isa = XCConfigurationList;
			buildConfigurations = (
				42254CCA28CEE394008288C1 /* Debug */,
				42254CCB28CEE394008288C1 /* Release */,
			);
			defaultConfigurationIsVisible = 0;
			defaultConfigurationName = Release;
		};
		42254CCC28CEE394008288C1 /* Build configuration list for PBXNativeTarget "Fast And HealthyUITests" */ = {
			isa = XCConfigurationList;
			buildConfigurations = (
				42254CCD28CEE394008288C1 /* Debug */,
				42254CCE28CEE394008288C1 /* Release */,
			);
			defaultConfigurationIsVisible = 0;
			defaultConfigurationName = Release;
		};
/* End XCConfigurationList section */
	};
	rootObject = 42254C9428CEE393008288C1 /* Project object */;
}
